// !$*UTF8*$!
{
	archiveVersion = 1;
	classes = {
	};
	objectVersion = 46;
	objects = {

/* Begin PBXBuildFile section */
		67F4E0BFDE304906A4D23357 /* libPods.a in Frameworks */ = {isa = PBXBuildFile; fileRef = B79D246D801E4C109EFDD87C /* libPods.a */; };
		6963661119C515C600C23E4A /* AVFoundation.framework in Frameworks */ = {isa = PBXBuildFile; fileRef = 6963661019C515C600C23E4A /* AVFoundation.framework */; };
		6963661319C515CE00C23E4A /* CoreData.framework in Frameworks */ = {isa = PBXBuildFile; fileRef = 6963661219C515CE00C23E4A /* CoreData.framework */; };
		6963661519C515E100C23E4A /* CoreText.framework in Frameworks */ = {isa = PBXBuildFile; fileRef = 6963661419C515E100C23E4A /* CoreText.framework */; };
		6963661719C515EF00C23E4A /* GLKit.framework in Frameworks */ = {isa = PBXBuildFile; fileRef = 6963661619C515EF00C23E4A /* GLKit.framework */; };
		6963661919C515F900C23E4A /* ImageIO.framework in Frameworks */ = {isa = PBXBuildFile; fileRef = 6963661819C515F900C23E4A /* ImageIO.framework */; };
		6963661B19C5160900C23E4A /* libc++.dylib in Frameworks */ = {isa = PBXBuildFile; fileRef = 6963661A19C5160900C23E4A /* libc++.dylib */; };
		6963661D19C5161F00C23E4A /* libicucore.dylib in Frameworks */ = {isa = PBXBuildFile; fileRef = 6963661C19C5161F00C23E4A /* libicucore.dylib */; };
		6963661F19C5162C00C23E4A /* libz.dylib in Frameworks */ = {isa = PBXBuildFile; fileRef = 6963661E19C5162C00C23E4A /* libz.dylib */; };
		6963662119C5163700C23E4A /* OpenGLES.framework in Frameworks */ = {isa = PBXBuildFile; fileRef = 6963662019C5163700C23E4A /* OpenGLES.framework */; };
		6963662319C5163F00C23E4A /* QuartzCore.framework in Frameworks */ = {isa = PBXBuildFile; fileRef = 6963662219C5163F00C23E4A /* QuartzCore.framework */; };
		6963662519C5164C00C23E4A /* SystemConfiguration.framework in Frameworks */ = {isa = PBXBuildFile; fileRef = 6963662419C5164C00C23E4A /* SystemConfiguration.framework */; };
		697D6BC119C3AD3B0096B8EE /* CoreLocation.framework in Frameworks */ = {isa = PBXBuildFile; fileRef = 697D6BC019C3AD3B0096B8EE /* CoreLocation.framework */; };
		69AB225819CF314800247F29 /* Podfile in Resources */ = {isa = PBXBuildFile; fileRef = 69AB225719CF314800247F29 /* Podfile */; };
		69BDFE4919C4C7A40066925D /* JHLocationPickerTableViewController.m in Sources */ = {isa = PBXBuildFile; fileRef = 69BDFE4819C4C7A40066925D /* JHLocationPickerTableViewController.m */; };
		69CF0D4219C4890D0076F681 /* JHAboutViewController.m in Sources */ = {isa = PBXBuildFile; fileRef = 69CF0D4119C4890D0076F681 /* JHAboutViewController.m */; };
		CC95B70F19C43F730088F04A /* JHMapViewController.m in Sources */ = {isa = PBXBuildFile; fileRef = CC95B70E19C43F730088F04A /* JHMapViewController.m */; };
		CC95B71119C43F800088F04A /* MapKit.framework in Frameworks */ = {isa = PBXBuildFile; fileRef = CC95B71019C43F800088F04A /* MapKit.framework */; };
		CC95B71319C4518C0088F04A /* JHButton.m in Sources */ = {isa = PBXBuildFile; fileRef = CC95B70A19C42C610088F04A /* JHButton.m */; };
		CC95B71619C451BC0088F04A /* JHInputTableViewController.m in Sources */ = {isa = PBXBuildFile; fileRef = CC95B71519C451BC0088F04A /* JHInputTableViewController.m */; };
		CC95B71819C45F850088F04A /* icon_new.png in Resources */ = {isa = PBXBuildFile; fileRef = CC95B71719C45F850088F04A /* icon_new.png */; };
		CC95B71A19C477760088F04A /* test.json in Resources */ = {isa = PBXBuildFile; fileRef = CC95B71919C477760088F04A /* test.json */; };
		CC994C4919C38FAC00283EC5 /* main.m in Sources */ = {isa = PBXBuildFile; fileRef = CC994C4819C38FAC00283EC5 /* main.m */; };
		CC994C4C19C38FAC00283EC5 /* JHAppDelegate.m in Sources */ = {isa = PBXBuildFile; fileRef = CC994C4B19C38FAC00283EC5 /* JHAppDelegate.m */; };
		CC994C5219C38FAC00283EC5 /* Main.storyboard in Resources */ = {isa = PBXBuildFile; fileRef = CC994C5019C38FAC00283EC5 /* Main.storyboard */; };
		CC994C5419C38FAD00283EC5 /* Images.xcassets in Resources */ = {isa = PBXBuildFile; fileRef = CC994C5319C38FAD00283EC5 /* Images.xcassets */; };
		CC994C5719C38FAD00283EC5 /* LaunchScreen.xib in Resources */ = {isa = PBXBuildFile; fileRef = CC994C5519C38FAD00283EC5 /* LaunchScreen.xib */; };
		CC994C6E19C3956B00283EC5 /* JHSuggestionsViewController.m in Sources */ = {isa = PBXBuildFile; fileRef = CC994C6D19C3956B00283EC5 /* JHSuggestionsViewController.m */; };
		CC994C8E19C3C33000283EC5 /* JHCommunicator.m in Sources */ = {isa = PBXBuildFile; fileRef = CC994C8D19C3C33000283EC5 /* JHCommunicator.m */; };
		CC99770619C4F2980076CBA1 /* FGTimelineView.m in Sources */ = {isa = PBXBuildFile; fileRef = CC99770519C4F2980076CBA1 /* FGTimelineView.m */; };
		CC9EACA519C5838F00CADB24 /* train22.png in Resources */ = {isa = PBXBuildFile; fileRef = CC9EACA419C5838F00CADB24 /* train22.png */; };
		CCA9FD4619C49834000A1814 /* JHTimelineViewController.m in Sources */ = {isa = PBXBuildFile; fileRef = CCA9FD4519C49834000A1814 /* JHTimelineViewController.m */; };
		CCA9FD4919C49B24000A1814 /* JHDatePickerTableViewController.m in Sources */ = {isa = PBXBuildFile; fileRef = CCA9FD4819C49B24000A1814 /* JHDatePickerTableViewController.m */; };
		CCC20B8819C4CB0800425F85 /* dot.png in Resources */ = {isa = PBXBuildFile; fileRef = CCC20B8419C4CB0800425F85 /* dot.png */; };
		CCC20B8919C4CB0800425F85 /* JSFavStarControl.m in Sources */ = {isa = PBXBuildFile; fileRef = CCC20B8619C4CB0800425F85 /* JSFavStarControl.m */; };
		CCC20B8A19C4CB0800425F85 /* star.png in Resources */ = {isa = PBXBuildFile; fileRef = CCC20B8719C4CB0800425F85 /* star.png */; };
		CCC20B8C19C4D5FC00425F85 /* more.png in Resources */ = {isa = PBXBuildFile; fileRef = CCC20B8B19C4D5FC00425F85 /* more.png */; };
/* End PBXBuildFile section */

/* Begin PBXFileReference section */
		6963661019C515C600C23E4A /* AVFoundation.framework */ = {isa = PBXFileReference; lastKnownFileType = wrapper.framework; name = AVFoundation.framework; path = System/Library/Frameworks/AVFoundation.framework; sourceTree = SDKROOT; };
		6963661219C515CE00C23E4A /* CoreData.framework */ = {isa = PBXFileReference; lastKnownFileType = wrapper.framework; name = CoreData.framework; path = System/Library/Frameworks/CoreData.framework; sourceTree = SDKROOT; };
		6963661419C515E100C23E4A /* CoreText.framework */ = {isa = PBXFileReference; lastKnownFileType = wrapper.framework; name = CoreText.framework; path = System/Library/Frameworks/CoreText.framework; sourceTree = SDKROOT; };
		6963661619C515EF00C23E4A /* GLKit.framework */ = {isa = PBXFileReference; lastKnownFileType = wrapper.framework; name = GLKit.framework; path = System/Library/Frameworks/GLKit.framework; sourceTree = SDKROOT; };
		6963661819C515F900C23E4A /* ImageIO.framework */ = {isa = PBXFileReference; lastKnownFileType = wrapper.framework; name = ImageIO.framework; path = System/Library/Frameworks/ImageIO.framework; sourceTree = SDKROOT; };
		6963661A19C5160900C23E4A /* libc++.dylib */ = {isa = PBXFileReference; lastKnownFileType = "compiled.mach-o.dylib"; name = "libc++.dylib"; path = "usr/lib/libc++.dylib"; sourceTree = SDKROOT; };
		6963661C19C5161F00C23E4A /* libicucore.dylib */ = {isa = PBXFileReference; lastKnownFileType = "compiled.mach-o.dylib"; name = libicucore.dylib; path = usr/lib/libicucore.dylib; sourceTree = SDKROOT; };
		6963661E19C5162C00C23E4A /* libz.dylib */ = {isa = PBXFileReference; lastKnownFileType = "compiled.mach-o.dylib"; name = libz.dylib; path = usr/lib/libz.dylib; sourceTree = SDKROOT; };
		6963662019C5163700C23E4A /* OpenGLES.framework */ = {isa = PBXFileReference; lastKnownFileType = wrapper.framework; name = OpenGLES.framework; path = System/Library/Frameworks/OpenGLES.framework; sourceTree = SDKROOT; };
		6963662219C5163F00C23E4A /* QuartzCore.framework */ = {isa = PBXFileReference; lastKnownFileType = wrapper.framework; name = QuartzCore.framework; path = System/Library/Frameworks/QuartzCore.framework; sourceTree = SDKROOT; };
		6963662419C5164C00C23E4A /* SystemConfiguration.framework */ = {isa = PBXFileReference; lastKnownFileType = wrapper.framework; name = SystemConfiguration.framework; path = System/Library/Frameworks/SystemConfiguration.framework; sourceTree = SDKROOT; };
		697D6BC019C3AD3B0096B8EE /* CoreLocation.framework */ = {isa = PBXFileReference; lastKnownFileType = wrapper.framework; name = CoreLocation.framework; path = System/Library/Frameworks/CoreLocation.framework; sourceTree = SDKROOT; };
		69AB225719CF314800247F29 /* Podfile */ = {isa = PBXFileReference; fileEncoding = 4; lastKnownFileType = text; path = Podfile; sourceTree = "<group>"; };
		69BDFE4719C4C7A40066925D /* JHLocationPickerTableViewController.h */ = {isa = PBXFileReference; fileEncoding = 4; lastKnownFileType = sourcecode.c.h; path = JHLocationPickerTableViewController.h; sourceTree = "<group>"; };
		69BDFE4819C4C7A40066925D /* JHLocationPickerTableViewController.m */ = {isa = PBXFileReference; fileEncoding = 4; lastKnownFileType = sourcecode.c.objc; path = JHLocationPickerTableViewController.m; sourceTree = "<group>"; };
		69CF0D4019C4890D0076F681 /* JHAboutViewController.h */ = {isa = PBXFileReference; fileEncoding = 4; lastKnownFileType = sourcecode.c.h; path = JHAboutViewController.h; sourceTree = "<group>"; };
		69CF0D4119C4890D0076F681 /* JHAboutViewController.m */ = {isa = PBXFileReference; fileEncoding = 4; lastKnownFileType = sourcecode.c.objc; path = JHAboutViewController.m; sourceTree = "<group>"; };
		88073AD8D5654A36B1FA83E0 /* Pods.xcconfig */ = {isa = PBXFileReference; includeInIndex = 1; lastKnownFileType = text.xcconfig; name = Pods.xcconfig; path = Pods/Pods.xcconfig; sourceTree = "<group>"; };
		B79D246D801E4C109EFDD87C /* libPods.a */ = {isa = PBXFileReference; explicitFileType = archive.ar; includeInIndex = 0; path = libPods.a; sourceTree = BUILT_PRODUCTS_DIR; };
		CC95B70919C42C610088F04A /* JHButton.h */ = {isa = PBXFileReference; fileEncoding = 4; lastKnownFileType = sourcecode.c.h; path = JHButton.h; sourceTree = "<group>"; };
		CC95B70A19C42C610088F04A /* JHButton.m */ = {isa = PBXFileReference; fileEncoding = 4; lastKnownFileType = sourcecode.c.objc; path = JHButton.m; sourceTree = "<group>"; };
		CC95B70D19C43F730088F04A /* JHMapViewController.h */ = {isa = PBXFileReference; fileEncoding = 4; lastKnownFileType = sourcecode.c.h; path = JHMapViewController.h; sourceTree = "<group>"; };
		CC95B70E19C43F730088F04A /* JHMapViewController.m */ = {isa = PBXFileReference; fileEncoding = 4; lastKnownFileType = sourcecode.c.objc; path = JHMapViewController.m; sourceTree = "<group>"; };
		CC95B71019C43F800088F04A /* MapKit.framework */ = {isa = PBXFileReference; lastKnownFileType = wrapper.framework; name = MapKit.framework; path = System/Library/Frameworks/MapKit.framework; sourceTree = SDKROOT; };
		CC95B71419C451BC0088F04A /* JHInputTableViewController.h */ = {isa = PBXFileReference; fileEncoding = 4; lastKnownFileType = sourcecode.c.h; path = JHInputTableViewController.h; sourceTree = "<group>"; };
		CC95B71519C451BC0088F04A /* JHInputTableViewController.m */ = {isa = PBXFileReference; fileEncoding = 4; lastKnownFileType = sourcecode.c.objc; path = JHInputTableViewController.m; sourceTree = "<group>"; };
		CC95B71719C45F850088F04A /* icon_new.png */ = {isa = PBXFileReference; lastKnownFileType = image.png; path = icon_new.png; sourceTree = "<group>"; };
		CC95B71919C477760088F04A /* test.json */ = {isa = PBXFileReference; fileEncoding = 4; lastKnownFileType = text.json; path = test.json; sourceTree = "<group>"; };
		CC994C4319C38FAC00283EC5 /* Kolumbus.app */ = {isa = PBXFileReference; explicitFileType = wrapper.application; includeInIndex = 0; path = Kolumbus.app; sourceTree = BUILT_PRODUCTS_DIR; };
		CC994C4719C38FAC00283EC5 /* Info.plist */ = {isa = PBXFileReference; lastKnownFileType = text.plist.xml; path = Info.plist; sourceTree = "<group>"; };
		CC994C4819C38FAC00283EC5 /* main.m */ = {isa = PBXFileReference; lastKnownFileType = sourcecode.c.objc; path = main.m; sourceTree = "<group>"; };
		CC994C4A19C38FAC00283EC5 /* JHAppDelegate.h */ = {isa = PBXFileReference; lastKnownFileType = sourcecode.c.h; path = JHAppDelegate.h; sourceTree = "<group>"; };
		CC994C4B19C38FAC00283EC5 /* JHAppDelegate.m */ = {isa = PBXFileReference; lastKnownFileType = sourcecode.c.objc; path = JHAppDelegate.m; sourceTree = "<group>"; };
		CC994C5119C38FAC00283EC5 /* Base */ = {isa = PBXFileReference; lastKnownFileType = file.storyboard; name = Base; path = Base.lproj/Main.storyboard; sourceTree = "<group>"; };
		CC994C5319C38FAD00283EC5 /* Images.xcassets */ = {isa = PBXFileReference; lastKnownFileType = folder.assetcatalog; path = Images.xcassets; sourceTree = "<group>"; };
		CC994C5619C38FAD00283EC5 /* Base */ = {isa = PBXFileReference; lastKnownFileType = file.xib; name = Base; path = Base.lproj/LaunchScreen.xib; sourceTree = "<group>"; };
		CC994C6C19C3956B00283EC5 /* JHSuggestionsViewController.h */ = {isa = PBXFileReference; fileEncoding = 4; lastKnownFileType = sourcecode.c.h; path = JHSuggestionsViewController.h; sourceTree = "<group>"; };
		CC994C6D19C3956B00283EC5 /* JHSuggestionsViewController.m */ = {isa = PBXFileReference; fileEncoding = 4; lastKnownFileType = sourcecode.c.objc; path = JHSuggestionsViewController.m; sourceTree = "<group>"; };
		CC994C8C19C3C33000283EC5 /* JHCommunicator.h */ = {isa = PBXFileReference; fileEncoding = 4; lastKnownFileType = sourcecode.c.h; path = JHCommunicator.h; sourceTree = "<group>"; };
		CC994C8D19C3C33000283EC5 /* JHCommunicator.m */ = {isa = PBXFileReference; fileEncoding = 4; lastKnownFileType = sourcecode.c.objc; path = JHCommunicator.m; sourceTree = "<group>"; };
		CC99770419C4F2980076CBA1 /* FGTimelineView.h */ = {isa = PBXFileReference; fileEncoding = 4; lastKnownFileType = sourcecode.c.h; path = FGTimelineView.h; sourceTree = "<group>"; };
		CC99770519C4F2980076CBA1 /* FGTimelineView.m */ = {isa = PBXFileReference; fileEncoding = 4; lastKnownFileType = sourcecode.c.objc; path = FGTimelineView.m; sourceTree = "<group>"; };
		CC9EACA419C5838F00CADB24 /* train22.png */ = {isa = PBXFileReference; lastKnownFileType = image.png; name = train22.png; path = transport/train22.png; sourceTree = "<group>"; };
		CCA9FD4419C49834000A1814 /* JHTimelineViewController.h */ = {isa = PBXFileReference; fileEncoding = 4; lastKnownFileType = sourcecode.c.h; path = JHTimelineViewController.h; sourceTree = "<group>"; };
		CCA9FD4519C49834000A1814 /* JHTimelineViewController.m */ = {isa = PBXFileReference; fileEncoding = 4; lastKnownFileType = sourcecode.c.objc; path = JHTimelineViewController.m; sourceTree = "<group>"; };
		CCA9FD4719C49B24000A1814 /* JHDatePickerTableViewController.h */ = {isa = PBXFileReference; fileEncoding = 4; lastKnownFileType = sourcecode.c.h; path = JHDatePickerTableViewController.h; sourceTree = "<group>"; };
		CCA9FD4819C49B24000A1814 /* JHDatePickerTableViewController.m */ = {isa = PBXFileReference; fileEncoding = 4; lastKnownFileType = sourcecode.c.objc; path = JHDatePickerTableViewController.m; sourceTree = "<group>"; };
		CCC20B8419C4CB0800425F85 /* dot.png */ = {isa = PBXFileReference; lastKnownFileType = image.png; path = dot.png; sourceTree = "<group>"; };
		CCC20B8519C4CB0800425F85 /* JSFavStarControl.h */ = {isa = PBXFileReference; fileEncoding = 4; lastKnownFileType = sourcecode.c.h; path = JSFavStarControl.h; sourceTree = "<group>"; };
		CCC20B8619C4CB0800425F85 /* JSFavStarControl.m */ = {isa = PBXFileReference; fileEncoding = 4; lastKnownFileType = sourcecode.c.objc; path = JSFavStarControl.m; sourceTree = "<group>"; };
		CCC20B8719C4CB0800425F85 /* star.png */ = {isa = PBXFileReference; lastKnownFileType = image.png; path = star.png; sourceTree = "<group>"; };
		CCC20B8B19C4D5FC00425F85 /* more.png */ = {isa = PBXFileReference; lastKnownFileType = image.png; path = more.png; sourceTree = "<group>"; };
/* End PBXFileReference section */

/* Begin PBXFrameworksBuildPhase section */
		CC994C4019C38FAC00283EC5 /* Frameworks */ = {
			isa = PBXFrameworksBuildPhase;
			buildActionMask = 2147483647;
			files = (
				6963662519C5164C00C23E4A /* SystemConfiguration.framework in Frameworks */,
				6963662319C5163F00C23E4A /* QuartzCore.framework in Frameworks */,
				6963662119C5163700C23E4A /* OpenGLES.framework in Frameworks */,
				6963661F19C5162C00C23E4A /* libz.dylib in Frameworks */,
				6963661D19C5161F00C23E4A /* libicucore.dylib in Frameworks */,
				6963661B19C5160900C23E4A /* libc++.dylib in Frameworks */,
				6963661919C515F900C23E4A /* ImageIO.framework in Frameworks */,
				6963661719C515EF00C23E4A /* GLKit.framework in Frameworks */,
				6963661519C515E100C23E4A /* CoreText.framework in Frameworks */,
				6963661319C515CE00C23E4A /* CoreData.framework in Frameworks */,
				6963661119C515C600C23E4A /* AVFoundation.framework in Frameworks */,
				CC95B71119C43F800088F04A /* MapKit.framework in Frameworks */,
				697D6BC119C3AD3B0096B8EE /* CoreLocation.framework in Frameworks */,
				67F4E0BFDE304906A4D23357 /* libPods.a in Frameworks */,
			);
			runOnlyForDeploymentPostprocessing = 0;
		};
/* End PBXFrameworksBuildPhase section */

/* Begin PBXGroup section */
		CC95B6AE19C413980088F04A /* Icons */ = {
			isa = PBXGroup;
			children = (
				CC9EACA419C5838F00CADB24 /* train22.png */,
				CCC20B8B19C4D5FC00425F85 /* more.png */,
				CC95B71719C45F850088F04A /* icon_new.png */,
				CC95B6B419C413980088F04A /* transport */,
				CC95B6CC19C413980088F04A /* travel */,
			);
			name = Icons;
			path = ../../Icons;
			sourceTree = "<group>";
		};
		CC95B6B419C413980088F04A /* transport */ = {
			isa = PBXGroup;
			children = (
			);
			path = transport;
			sourceTree = "<group>";
		};
		CC95B6CC19C413980088F04A /* travel */ = {
			isa = PBXGroup;
			children = (
			);
			path = travel;
			sourceTree = "<group>";
		};
		CC97EA5519C519120048EA82 /* Frameworks */ = {
			isa = PBXGroup;
			children = (
				6963662419C5164C00C23E4A /* SystemConfiguration.framework */,
				6963662219C5163F00C23E4A /* QuartzCore.framework */,
				6963662019C5163700C23E4A /* OpenGLES.framework */,
				6963661E19C5162C00C23E4A /* libz.dylib */,
				6963661C19C5161F00C23E4A /* libicucore.dylib */,
				6963661A19C5160900C23E4A /* libc++.dylib */,
				6963661819C515F900C23E4A /* ImageIO.framework */,
				6963661619C515EF00C23E4A /* GLKit.framework */,
				6963661419C515E100C23E4A /* CoreText.framework */,
				6963661219C515CE00C23E4A /* CoreData.framework */,
				6963661019C515C600C23E4A /* AVFoundation.framework */,
				CC95B71919C477760088F04A /* test.json */,
				CC95B71019C43F800088F04A /* MapKit.framework */,
				697D6BC019C3AD3B0096B8EE /* CoreLocation.framework */,
				B79D246D801E4C109EFDD87C /* libPods.a */,
			);
			name = Frameworks;
			sourceTree = "<group>";
		};
		CC994C3A19C38FAC00283EC5 = {
			isa = PBXGroup;
			children = (
				69AB225719CF314800247F29 /* Podfile */,
				CC97EA5519C519120048EA82 /* Frameworks */,
				CC994C4419C38FAC00283EC5 /* Products */,
				CC994C4519C38FAC00283EC5 /* Kolumbus */,
				88073AD8D5654A36B1FA83E0 /* Pods.xcconfig */,
			);
			sourceTree = "<group>";
		};
		CC994C4419C38FAC00283EC5 /* Products */ = {
			isa = PBXGroup;
			children = (
				CC994C4319C38FAC00283EC5 /* Kolumbus.app */,
			);
			name = Products;
			sourceTree = "<group>";
		};
		CC994C4519C38FAC00283EC5 /* Kolumbus */ = {
			isa = PBXGroup;
			children = (
				CCC20B8319C4CB0800425F85 /* JSFavStarControl */,
				CC994C4A19C38FAC00283EC5 /* JHAppDelegate.h */,
				CC994C4B19C38FAC00283EC5 /* JHAppDelegate.m */,
				CC994C5319C38FAD00283EC5 /* Images.xcassets */,
				CC95B71419C451BC0088F04A /* JHInputTableViewController.h */,
				CC95B71519C451BC0088F04A /* JHInputTableViewController.m */,
				CC994C6C19C3956B00283EC5 /* JHSuggestionsViewController.h */,
				CC994C6D19C3956B00283EC5 /* JHSuggestionsViewController.m */,
				CCA9FD4419C49834000A1814 /* JHTimelineViewController.h */,
				CCA9FD4519C49834000A1814 /* JHTimelineViewController.m */,
				CC95B70D19C43F730088F04A /* JHMapViewController.h */,
				CC95B70E19C43F730088F04A /* JHMapViewController.m */,
				CCA9FD4719C49B24000A1814 /* JHDatePickerTableViewController.h */,
				CCA9FD4819C49B24000A1814 /* JHDatePickerTableViewController.m */,
				CC994C8C19C3C33000283EC5 /* JHCommunicator.h */,
				CC994C8D19C3C33000283EC5 /* JHCommunicator.m */,
				CC95B70919C42C610088F04A /* JHButton.h */,
				CC95B70A19C42C610088F04A /* JHButton.m */,
				CC99770419C4F2980076CBA1 /* FGTimelineView.h */,
				CC99770519C4F2980076CBA1 /* FGTimelineView.m */,
				CC994C5019C38FAC00283EC5 /* Main.storyboard */,
				69BDFE4719C4C7A40066925D /* JHLocationPickerTableViewController.h */,
				69BDFE4819C4C7A40066925D /* JHLocationPickerTableViewController.m */,
				69CF0D4019C4890D0076F681 /* JHAboutViewController.h */,
				69CF0D4119C4890D0076F681 /* JHAboutViewController.m */,
				CC994C5519C38FAD00283EC5 /* LaunchScreen.xib */,
				CC994C4619C38FAC00283EC5 /* Supporting Files */,
			);
			path = Kolumbus;
			sourceTree = "<group>";
		};
		CC994C4619C38FAC00283EC5 /* Supporting Files */ = {
			isa = PBXGroup;
			children = (
				CC95B6AE19C413980088F04A /* Icons */,
				CC994C4719C38FAC00283EC5 /* Info.plist */,
				CC994C4819C38FAC00283EC5 /* main.m */,
			);
			name = "Supporting Files";
			sourceTree = "<group>";
		};
		CCC20B8319C4CB0800425F85 /* JSFavStarControl */ = {
			isa = PBXGroup;
			children = (
				CCC20B8419C4CB0800425F85 /* dot.png */,
				CCC20B8519C4CB0800425F85 /* JSFavStarControl.h */,
				CCC20B8619C4CB0800425F85 /* JSFavStarControl.m */,
				CCC20B8719C4CB0800425F85 /* star.png */,
			);
			path = JSFavStarControl;
			sourceTree = "<group>";
		};
/* End PBXGroup section */

/* Begin PBXNativeTarget section */
		CC994C4219C38FAC00283EC5 /* Kolumbus */ = {
			isa = PBXNativeTarget;
			buildConfigurationList = CC994C6619C38FAD00283EC5 /* Build configuration list for PBXNativeTarget "Kolumbus" */;
			buildPhases = (
				B20ED022B9D549FCB5E16977 /* Check Pods Manifest.lock */,
				CC994C3F19C38FAC00283EC5 /* Sources */,
				CC994C4019C38FAC00283EC5 /* Frameworks */,
				CC994C4119C38FAC00283EC5 /* Resources */,
				32ECEB910EDC44FF968AC44A /* Copy Pods Resources */,
			);
			buildRules = (
			);
			dependencies = (
			);
			name = Kolumbus;
			productName = Kolumbus;
			productReference = CC994C4319C38FAC00283EC5 /* Kolumbus.app */;
			productType = "com.apple.product-type.application";
		};
/* End PBXNativeTarget section */

/* Begin PBXProject section */
		CC994C3B19C38FAC00283EC5 /* Project object */ = {
			isa = PBXProject;
			attributes = {
				LastUpgradeCheck = 0600;
				ORGANIZATIONNAME = "Jugend Hackt";
				TargetAttributes = {
					CC994C4219C38FAC00283EC5 = {
						CreatedOnToolsVersion = 6.0;
					};
				};
			};
			buildConfigurationList = CC994C3E19C38FAC00283EC5 /* Build configuration list for PBXProject "Kolumbus" */;
			compatibilityVersion = "Xcode 3.2";
			developmentRegion = English;
			hasScannedForEncodings = 0;
			knownRegions = (
				en,
				Base,
			);
			mainGroup = CC994C3A19C38FAC00283EC5;
			productRefGroup = CC994C4419C38FAC00283EC5 /* Products */;
			projectDirPath = "";
			projectRoot = "";
			targets = (
				CC994C4219C38FAC00283EC5 /* Kolumbus */,
			);
		};
/* End PBXProject section */

/* Begin PBXResourcesBuildPhase section */
		CC994C4119C38FAC00283EC5 /* Resources */ = {
			isa = PBXResourcesBuildPhase;
			buildActionMask = 2147483647;
			files = (
				69AB225819CF314800247F29 /* Podfile in Resources */,
				CC994C5219C38FAC00283EC5 /* Main.storyboard in Resources */,
				CC9EACA519C5838F00CADB24 /* train22.png in Resources */,
				CC95B71819C45F850088F04A /* icon_new.png in Resources */,
				CC95B71A19C477760088F04A /* test.json in Resources */,
				CCC20B8819C4CB0800425F85 /* dot.png in Resources */,
				CCC20B8A19C4CB0800425F85 /* star.png in Resources */,
				CC994C5719C38FAD00283EC5 /* LaunchScreen.xib in Resources */,
				CCC20B8C19C4D5FC00425F85 /* more.png in Resources */,
				CC994C5419C38FAD00283EC5 /* Images.xcassets in Resources */,
			);
			runOnlyForDeploymentPostprocessing = 0;
		};
/* End PBXResourcesBuildPhase section */

/* Begin PBXShellScriptBuildPhase section */
		32ECEB910EDC44FF968AC44A /* Copy Pods Resources */ = {
			isa = PBXShellScriptBuildPhase;
			buildActionMask = 2147483647;
			files = (
			);
			inputPaths = (
			);
			name = "Copy Pods Resources";
			outputPaths = (
			);
			runOnlyForDeploymentPostprocessing = 0;
			shellPath = /bin/sh;
			shellScript = "\"${SRCROOT}/Pods/Pods-resources.sh\"\n";
			showEnvVarsInLog = 0;
		};
		B20ED022B9D549FCB5E16977 /* Check Pods Manifest.lock */ = {
			isa = PBXShellScriptBuildPhase;
			buildActionMask = 2147483647;
			files = (
			);
			inputPaths = (
			);
			name = "Check Pods Manifest.lock";
			outputPaths = (
			);
			runOnlyForDeploymentPostprocessing = 0;
			shellPath = /bin/sh;
			shellScript = "diff \"${PODS_ROOT}/../Podfile.lock\" \"${PODS_ROOT}/Manifest.lock\" > /dev/null\nif [[ $? != 0 ]] ; then\n    cat << EOM\nerror: The sandbox is not in sync with the Podfile.lock. Run 'pod install' or update your CocoaPods installation.\nEOM\n    exit 1\nfi\n";
			showEnvVarsInLog = 0;
		};
/* End PBXShellScriptBuildPhase section */

/* Begin PBXSourcesBuildPhase section */
		CC994C3F19C38FAC00283EC5 /* Sources */ = {
			isa = PBXSourcesBuildPhase;
			buildActionMask = 2147483647;
			files = (
				69BDFE4919C4C7A40066925D /* JHLocationPickerTableViewController.m in Sources */,
				CC99770619C4F2980076CBA1 /* FGTimelineView.m in Sources */,
				CC95B71319C4518C0088F04A /* JHButton.m in Sources */,
				CC95B71619C451BC0088F04A /* JHInputTableViewController.m in Sources */,
				CC994C6E19C3956B00283EC5 /* JHSuggestionsViewController.m in Sources */,
				CCA9FD4919C49B24000A1814 /* JHDatePickerTableViewController.m in Sources */,
				CCA9FD4619C49834000A1814 /* JHTimelineViewController.m in Sources */,
				CC994C4C19C38FAC00283EC5 /* JHAppDelegate.m in Sources */,
				CCC20B8919C4CB0800425F85 /* JSFavStarControl.m in Sources */,
				69CF0D4219C4890D0076F681 /* JHAboutViewController.m in Sources */,
				CC994C4919C38FAC00283EC5 /* main.m in Sources */,
				CC994C8E19C3C33000283EC5 /* JHCommunicator.m in Sources */,
				CC95B70F19C43F730088F04A /* JHMapViewController.m in Sources */,
			);
			runOnlyForDeploymentPostprocessing = 0;
		};
/* End PBXSourcesBuildPhase section */

/* Begin PBXVariantGroup section */
		CC994C5019C38FAC00283EC5 /* Main.storyboard */ = {
			isa = PBXVariantGroup;
			children = (
				CC994C5119C38FAC00283EC5 /* Base */,
			);
			name = Main.storyboard;
			sourceTree = "<group>";
		};
		CC994C5519C38FAD00283EC5 /* LaunchScreen.xib */ = {
			isa = PBXVariantGroup;
			children = (
				CC994C5619C38FAD00283EC5 /* Base */,
			);
			name = LaunchScreen.xib;
			sourceTree = "<group>";
		};
/* End PBXVariantGroup section */

/* Begin XCBuildConfiguration section */
		CC994C6419C38FAD00283EC5 /* Debug */ = {
			isa = XCBuildConfiguration;
			buildSettings = {
				ALWAYS_SEARCH_USER_PATHS = NO;
				CLANG_CXX_LANGUAGE_STANDARD = "gnu++0x";
				CLANG_CXX_LIBRARY = "libc++";
				CLANG_ENABLE_MODULES = YES;
				CLANG_ENABLE_OBJC_ARC = YES;
				CLANG_WARN_BOOL_CONVERSION = YES;
				CLANG_WARN_CONSTANT_CONVERSION = YES;
				CLANG_WARN_DIRECT_OBJC_ISA_USAGE = YES_ERROR;
				CLANG_WARN_EMPTY_BODY = YES;
				CLANG_WARN_ENUM_CONVERSION = YES;
				CLANG_WARN_INT_CONVERSION = YES;
				CLANG_WARN_OBJC_ROOT_CLASS = YES_ERROR;
				CLANG_WARN_UNREACHABLE_CODE = YES;
				CLANG_WARN__DUPLICATE_METHOD_MATCH = YES;
				"CODE_SIGN_IDENTITY[sdk=iphoneos*]" = "iPhone Developer";
				COPY_PHASE_STRIP = NO;
				ENABLE_STRICT_OBJC_MSGSEND = YES;
				GCC_C_LANGUAGE_STANDARD = gnu99;
				GCC_DYNAMIC_NO_PIC = NO;
				GCC_OPTIMIZATION_LEVEL = 0;
				GCC_PREPROCESSOR_DEFINITIONS = (
					"DEBUG=1",
					"$(inherited)",
				);
				GCC_SYMBOLS_PRIVATE_EXTERN = NO;
				GCC_WARN_64_TO_32_BIT_CONVERSION = YES;
				GCC_WARN_ABOUT_RETURN_TYPE = YES_ERROR;
				GCC_WARN_UNDECLARED_SELECTOR = YES;
				GCC_WARN_UNINITIALIZED_AUTOS = YES_AGGRESSIVE;
				GCC_WARN_UNUSED_FUNCTION = YES;
				GCC_WARN_UNUSED_VARIABLE = YES;
				IPHONEOS_DEPLOYMENT_TARGET = 7.0;
				MTL_ENABLE_DEBUG_INFO = YES;
				ONLY_ACTIVE_ARCH = YES;
				OTHER_LDFLAGS = "-ObjC";
				SDKROOT = iphoneos;
			};
			name = Debug;
		};
		CC994C6519C38FAD00283EC5 /* Release */ = {
			isa = XCBuildConfiguration;
			buildSettings = {
				ALWAYS_SEARCH_USER_PATHS = NO;
				CLANG_CXX_LANGUAGE_STANDARD = "gnu++0x";
				CLANG_CXX_LIBRARY = "libc++";
				CLANG_ENABLE_MODULES = YES;
				CLANG_ENABLE_OBJC_ARC = YES;
				CLANG_WARN_BOOL_CONVERSION = YES;
				CLANG_WARN_CONSTANT_CONVERSION = YES;
				CLANG_WARN_DIRECT_OBJC_ISA_USAGE = YES_ERROR;
				CLANG_WARN_EMPTY_BODY = YES;
				CLANG_WARN_ENUM_CONVERSION = YES;
				CLANG_WARN_INT_CONVERSION = YES;
				CLANG_WARN_OBJC_ROOT_CLASS = YES_ERROR;
				CLANG_WARN_UNREACHABLE_CODE = YES;
				CLANG_WARN__DUPLICATE_METHOD_MATCH = YES;
				"CODE_SIGN_IDENTITY[sdk=iphoneos*]" = "iPhone Developer";
				COPY_PHASE_STRIP = YES;
				ENABLE_NS_ASSERTIONS = NO;
				ENABLE_STRICT_OBJC_MSGSEND = YES;
				GCC_C_LANGUAGE_STANDARD = gnu99;
				GCC_WARN_64_TO_32_BIT_CONVERSION = YES;
				GCC_WARN_ABOUT_RETURN_TYPE = YES_ERROR;
				GCC_WARN_UNDECLARED_SELECTOR = YES;
				GCC_WARN_UNINITIALIZED_AUTOS = YES_AGGRESSIVE;
				GCC_WARN_UNUSED_FUNCTION = YES;
				GCC_WARN_UNUSED_VARIABLE = YES;
				IPHONEOS_DEPLOYMENT_TARGET = 7.0;
				MTL_ENABLE_DEBUG_INFO = NO;
				OTHER_LDFLAGS = "-ObjC";
				SDKROOT = iphoneos;
				VALIDATE_PRODUCT = YES;
			};
			name = Release;
		};
		CC994C6719C38FAD00283EC5 /* Debug */ = {
			isa = XCBuildConfiguration;
			baseConfigurationReference = 88073AD8D5654A36B1FA83E0 /* Pods.xcconfig */;
			buildSettings = {
				ASSETCATALOG_COMPILER_APPICON_NAME = AppIcon;
				ASSETCATALOG_COMPILER_LAUNCHIMAGE_NAME = LaunchImage;
				FRAMEWORK_SEARCH_PATHS = (
					"$(inherited)",
					"$(PROJECT_DIR)",
				);
				GCC_PREFIX_HEADER = "";
				INFOPLIST_FILE = Kolumbus/Info.plist;
				IPHONEOS_DEPLOYMENT_TARGET = 7.0;
				LD_RUNPATH_SEARCH_PATHS = "$(inherited) @executable_path/Frameworks";
				PRODUCT_NAME = "$(TARGET_NAME)";
			};
			name = Debug;
		};
		CC994C6819C38FAD00283EC5 /* Release */ = {
			isa = XCBuildConfiguration;
			baseConfigurationReference = 88073AD8D5654A36B1FA83E0 /* Pods.xcconfig */;
			buildSettings = {
				ASSETCATALOG_COMPILER_APPICON_NAME = AppIcon;
				ASSETCATALOG_COMPILER_LAUNCHIMAGE_NAME = LaunchImage;
				FRAMEWORK_SEARCH_PATHS = (
					"$(inherited)",
					"$(PROJECT_DIR)",
				);
				GCC_PREFIX_HEADER = "";
				INFOPLIST_FILE = Kolumbus/Info.plist;
				IPHONEOS_DEPLOYMENT_TARGET = 7.0;
				LD_RUNPATH_SEARCH_PATHS = "$(inherited) @executable_path/Frameworks";
				PRODUCT_NAME = "$(TARGET_NAME)";
			};
			name = Release;
		};
/* End XCBuildConfiguration section */

/* Begin XCConfigurationList section */
		CC994C3E19C38FAC00283EC5 /* Build configuration list for PBXProject "Kolumbus" */ = {
			isa = XCConfigurationList;
			buildConfigurations = (
				CC994C6419C38FAD00283EC5 /* Debug */,
				CC994C6519C38FAD00283EC5 /* Release */,
			);
			defaultConfigurationIsVisible = 0;
			defaultConfigurationName = Release;
		};
		CC994C6619C38FAD00283EC5 /* Build configuration list for PBXNativeTarget "Kolumbus" */ = {
			isa = XCConfigurationList;
			buildConfigurations = (
				CC994C6719C38FAD00283EC5 /* Debug */,
				CC994C6819C38FAD00283EC5 /* Release */,
			);
			defaultConfigurationIsVisible = 0;
			defaultConfigurationName = Release;
		};
/* End XCConfigurationList section */
	};
	rootObject = CC994C3B19C38FAC00283EC5 /* Project object */;
}
